
Microsoft Visual Studio Solution File, Format Version 12.00
# Visual Studio Version 17
VisualStudioVersion = 17.11.35327.3
MinimumVisualStudioVersion = 10.0.40219.1
Project("{FAE04EC0-301F-11D3-BF4B-00C04F79EFBC}") = "majus2025", "majus2025\majus2025.csproj", "{2259250E-AC73-40BA-AF82-36C7ED1C3B8C}"
EndProject
Global
	GlobalSection(SolutionConfigurationPlatforms) = preSolution
		Debug|Any CPU = Debug|Any CPU
		Release|Any CPU = Release|Any CPU
	EndGlobalSection
	GlobalSection(ProjectConfigurationPlatforms) = postSolution
		{2259250E-AC73-40BA-AF82-36C7ED1C3B8C}.Debug|Any CPU.ActiveCfg = Debug|Any CPU
		{2259250E-AC73-40BA-AF82-36C7ED1C3B8C}.Debug|Any CPU.Build.0 = Debug|Any CPU
		{2259250E-AC73-40BA-AF82-36C7ED1C3B8C}.Release|Any CPU.ActiveCfg = Release|Any CPU
		{2259250E-AC73-40BA-AF82-36C7ED1C3B8C}.Release|Any CPU.Build.0 = Release|Any CPU
	EndGlobalSection
	GlobalSection(SolutionProperties) = preSolution
		HideSolutionNode = FALSE
	EndGlobalSection
	GlobalSection(ExtensibilityGlobals) = postSolution
		SolutionGuid = {42E22656-9285-4673-AF9B-8BE479E425CB}
	EndGlobalSection
EndGlobal
